
Microsoft Visual Studio Solution File, Format Version 12.00
# Visual Studio Version 17
VisualStudioVersion = 17.8.34322.80
MinimumVisualStudioVersion = 10.0.40219.1
Project("{9A19103F-16F7-4668-BE54-9A1E7A4F7556}") = "eCommerceApi", "eCommerceApi\eCommerceApi.csproj", "{58C49FA8-C312-4ED1-AD50-B4762DB9F225}"
EndProject
Project("{9A19103F-16F7-4668-BE54-9A1E7A4F7556}") = "eCommerceModels", "eCommerceModels\eCommerceModels.csproj", "{C4608851-3A19-41E6-95D5-A7AA7DE3719F}"
EndProject
Project("{FAE04EC0-301F-11D3-BF4B-00C04F79EFBC}") = "eCommerceConsole", "eCommerceConsole\eCommerceConsole.csproj", "{3085008E-87D6-40A6-9995-E8905D99398A}"
EndProject
Global
	GlobalSection(SolutionConfigurationPlatforms) = preSolution
		Debug|Any CPU = Debug|Any CPU
		Release|Any CPU = Release|Any CPU
	EndGlobalSection
	GlobalSection(ProjectConfigurationPlatforms) = postSolution
		{58C49FA8-C312-4ED1-AD50-B4762DB9F225}.Debug|Any CPU.ActiveCfg = Debug|Any CPU
		{58C49FA8-C312-4ED1-AD50-B4762DB9F225}.Debug|Any CPU.Build.0 = Debug|Any CPU
		{58C49FA8-C312-4ED1-AD50-B4762DB9F225}.Release|Any CPU.ActiveCfg = Release|Any CPU
		{58C49FA8-C312-4ED1-AD50-B4762DB9F225}.Release|Any CPU.Build.0 = Release|Any CPU
		{C4608851-3A19-41E6-95D5-A7AA7DE3719F}.Debug|Any CPU.ActiveCfg = Debug|Any CPU
		{C4608851-3A19-41E6-95D5-A7AA7DE3719F}.Debug|Any CPU.Build.0 = Debug|Any CPU
		{C4608851-3A19-41E6-95D5-A7AA7DE3719F}.Release|Any CPU.ActiveCfg = Release|Any CPU
		{C4608851-3A19-41E6-95D5-A7AA7DE3719F}.Release|Any CPU.Build.0 = Release|Any CPU
		{3085008E-87D6-40A6-9995-E8905D99398A}.Debug|Any CPU.ActiveCfg = Debug|Any CPU
		{3085008E-87D6-40A6-9995-E8905D99398A}.Debug|Any CPU.Build.0 = Debug|Any CPU
		{3085008E-87D6-40A6-9995-E8905D99398A}.Release|Any CPU.ActiveCfg = Release|Any CPU
		{3085008E-87D6-40A6-9995-E8905D99398A}.Release|Any CPU.Build.0 = Release|Any CPU
	EndGlobalSection
	GlobalSection(SolutionProperties) = preSolution
		HideSolutionNode = FALSE
	EndGlobalSection
	GlobalSection(ExtensibilityGlobals) = postSolution
		SolutionGuid = {756ABA00-AA99-45E6-ACA6-B25C14466E07}
	EndGlobalSection
EndGlobal
